// !$*UTF8*$!
{
	archiveVersion = 1;
	classes = {
	};
	objectVersion = 46;
	objects = {

/* Begin PBXBuildFile section */
		92D2BAE21AF078590055E7F8 /* AppDelegate.swift in Sources */ = {isa = PBXBuildFile; fileRef = 92D2BAE11AF078590055E7F8 /* AppDelegate.swift */; };
		92D2BAE41AF078590055E7F8 /* ViewController.swift in Sources */ = {isa = PBXBuildFile; fileRef = 92D2BAE31AF078590055E7F8 /* ViewController.swift */; };
		92D2BAE71AF078590055E7F8 /* Main.storyboard in Resources */ = {isa = PBXBuildFile; fileRef = 92D2BAE51AF078590055E7F8 /* Main.storyboard */; };
		92D2BAE91AF078590055E7F8 /* Images.xcassets in Resources */ = {isa = PBXBuildFile; fileRef = 92D2BAE81AF078590055E7F8 /* Images.xcassets */; };
		92D2BAEC1AF078590055E7F8 /* LaunchScreen.xib in Resources */ = {isa = PBXBuildFile; fileRef = 92D2BAEA1AF078590055E7F8 /* LaunchScreen.xib */; };
		92D2BAF81AF078590055E7F8 /* GuessTests.swift in Sources */ = {isa = PBXBuildFile; fileRef = 92D2BAF71AF078590055E7F8 /* GuessTests.swift */; };
		92D2BB0A1AF078A30055E7F8 /* InterfaceController.swift in Sources */ = {isa = PBXBuildFile; fileRef = 92D2BB091AF078A30055E7F8 /* InterfaceController.swift */; };
		92D2BB0C1AF078A30055E7F8 /* Images.xcassets in Resources */ = {isa = PBXBuildFile; fileRef = 92D2BB0B1AF078A30055E7F8 /* Images.xcassets */; };
		92D2BB101AF078A40055E7F8 /* Guess WatchKit App.app in Resources */ = {isa = PBXBuildFile; fileRef = 92D2BB0F1AF078A40055E7F8 /* Guess WatchKit App.app */; };
		92D2BB181AF078A40055E7F8 /* Interface.storyboard in Resources */ = {isa = PBXBuildFile; fileRef = 92D2BB161AF078A40055E7F8 /* Interface.storyboard */; };
		92D2BB1A1AF078A40055E7F8 /* Images.xcassets in Resources */ = {isa = PBXBuildFile; fileRef = 92D2BB191AF078A40055E7F8 /* Images.xcassets */; };
		92D2BB1D1AF078A40055E7F8 /* Guess WatchKit Extension.appex in Embed App Extensions */ = {isa = PBXBuildFile; fileRef = 92D2BB051AF078A30055E7F8 /* Guess WatchKit Extension.appex */; settings = {ATTRIBUTES = (RemoveHeadersOnCopy, ); }; };
/* End PBXBuildFile section */

/* Begin PBXContainerItemProxy section */
		92D2BAF21AF078590055E7F8 /* PBXContainerItemProxy */ = {
			isa = PBXContainerItemProxy;
			containerPortal = 92D2BAD41AF078590055E7F8 /* Project object */;
			proxyType = 1;
			remoteGlobalIDString = 92D2BADB1AF078590055E7F8;
			remoteInfo = Guess;
		};
		92D2BB111AF078A40055E7F8 /* PBXContainerItemProxy */ = {
			isa = PBXContainerItemProxy;
			containerPortal = 92D2BAD41AF078590055E7F8 /* Project object */;
			proxyType = 1;
			remoteGlobalIDString = 92D2BB0E1AF078A40055E7F8;
			remoteInfo = "Guess WatchKit App";
		};
		92D2BB1B1AF078A40055E7F8 /* PBXContainerItemProxy */ = {
			isa = PBXContainerItemProxy;
			containerPortal = 92D2BAD41AF078590055E7F8 /* Project object */;
			proxyType = 1;
			remoteGlobalIDString = 92D2BB041AF078A30055E7F8;
			remoteInfo = "Guess WatchKit Extension";
		};
/* End PBXContainerItemProxy section */

/* Begin PBXCopyFilesBuildPhase section */
		92D2BB241AF078A40055E7F8 /* Embed App Extensions */ = {
			isa = PBXCopyFilesBuildPhase;
			buildActionMask = 2147483647;
			dstPath = "";
			dstSubfolderSpec = 13;
			files = (
				92D2BB1D1AF078A40055E7F8 /* Guess WatchKit Extension.appex in Embed App Extensions */,
			);
			name = "Embed App Extensions";
			runOnlyForDeploymentPostprocessing = 0;
		};
/* End PBXCopyFilesBuildPhase section */

/* Begin PBXFileReference section */
		92D2BADC1AF078590055E7F8 /* Guess.app */ = {isa = PBXFileReference; explicitFileType = wrapper.application; includeInIndex = 0; path = Guess.app; sourceTree = BUILT_PRODUCTS_DIR; };
		92D2BAE01AF078590055E7F8 /* Info.plist */ = {isa = PBXFileReference; lastKnownFileType = text.plist.xml; path = Info.plist; sourceTree = "<group>"; };
		92D2BAE11AF078590055E7F8 /* AppDelegate.swift */ = {isa = PBXFileReference; lastKnownFileType = sourcecode.swift; path = AppDelegate.swift; sourceTree = "<group>"; };
		92D2BAE31AF078590055E7F8 /* ViewController.swift */ = {isa = PBXFileReference; lastKnownFileType = sourcecode.swift; path = ViewController.swift; sourceTree = "<group>"; };
		92D2BAE61AF078590055E7F8 /* Base */ = {isa = PBXFileReference; lastKnownFileType = file.storyboard; name = Base; path = Base.lproj/Main.storyboard; sourceTree = "<group>"; };
		92D2BAE81AF078590055E7F8 /* Images.xcassets */ = {isa = PBXFileReference; lastKnownFileType = folder.assetcatalog; path = Images.xcassets; sourceTree = "<group>"; };
		92D2BAEB1AF078590055E7F8 /* Base */ = {isa = PBXFileReference; lastKnownFileType = file.xib; name = Base; path = Base.lproj/LaunchScreen.xib; sourceTree = "<group>"; };
		92D2BAF11AF078590055E7F8 /* GuessTests.xctest */ = {isa = PBXFileReference; explicitFileType = wrapper.cfbundle; includeInIndex = 0; path = GuessTests.xctest; sourceTree = BUILT_PRODUCTS_DIR; };
		92D2BAF61AF078590055E7F8 /* Info.plist */ = {isa = PBXFileReference; lastKnownFileType = text.plist.xml; path = Info.plist; sourceTree = "<group>"; };
		92D2BAF71AF078590055E7F8 /* GuessTests.swift */ = {isa = PBXFileReference; lastKnownFileType = sourcecode.swift; path = GuessTests.swift; sourceTree = "<group>"; };
		92D2BB051AF078A30055E7F8 /* Guess WatchKit Extension.appex */ = {isa = PBXFileReference; explicitFileType = "wrapper.app-extension"; includeInIndex = 0; path = "Guess WatchKit Extension.appex"; sourceTree = BUILT_PRODUCTS_DIR; };
		92D2BB081AF078A30055E7F8 /* Info.plist */ = {isa = PBXFileReference; lastKnownFileType = text.plist.xml; path = Info.plist; sourceTree = "<group>"; };
		92D2BB091AF078A30055E7F8 /* InterfaceController.swift */ = {isa = PBXFileReference; lastKnownFileType = sourcecode.swift; path = InterfaceController.swift; sourceTree = "<group>"; };
		92D2BB0B1AF078A30055E7F8 /* Images.xcassets */ = {isa = PBXFileReference; lastKnownFileType = folder.assetcatalog; path = Images.xcassets; sourceTree = "<group>"; };
		92D2BB0F1AF078A40055E7F8 /* Guess WatchKit App.app */ = {isa = PBXFileReference; explicitFileType = wrapper.application; includeInIndex = 0; path = "Guess WatchKit App.app"; sourceTree = BUILT_PRODUCTS_DIR; };
		92D2BB151AF078A40055E7F8 /* Info.plist */ = {isa = PBXFileReference; lastKnownFileType = text.plist.xml; path = Info.plist; sourceTree = "<group>"; };
		92D2BB171AF078A40055E7F8 /* Base */ = {isa = PBXFileReference; lastKnownFileType = file.storyboard; name = Base; path = Base.lproj/Interface.storyboard; sourceTree = "<group>"; };
		92D2BB191AF078A40055E7F8 /* Images.xcassets */ = {isa = PBXFileReference; lastKnownFileType = folder.assetcatalog; path = Images.xcassets; sourceTree = "<group>"; };
/* End PBXFileReference section */

/* Begin PBXFrameworksBuildPhase section */
		92D2BAD91AF078590055E7F8 /* Frameworks */ = {
			isa = PBXFrameworksBuildPhase;
			buildActionMask = 2147483647;
			files = (
			);
			runOnlyForDeploymentPostprocessing = 0;
		};
		92D2BAEE1AF078590055E7F8 /* Frameworks */ = {
			isa = PBXFrameworksBuildPhase;
			buildActionMask = 2147483647;
			files = (
			);
			runOnlyForDeploymentPostprocessing = 0;
		};
		92D2BB021AF078A30055E7F8 /* Frameworks */ = {
			isa = PBXFrameworksBuildPhase;
			buildActionMask = 2147483647;
			files = (
			);
			runOnlyForDeploymentPostprocessing = 0;
		};
/* End PBXFrameworksBuildPhase section */

/* Begin PBXGroup section */
		92D2BAD31AF078590055E7F8 = {
			isa = PBXGroup;
			children = (
				92D2BADE1AF078590055E7F8 /* Guess */,
				92D2BAF41AF078590055E7F8 /* GuessTests */,
				92D2BB061AF078A30055E7F8 /* Guess WatchKit Extension */,
				92D2BB131AF078A40055E7F8 /* Guess WatchKit App */,
				92D2BADD1AF078590055E7F8 /* Products */,
			);
			sourceTree = "<group>";
		};
		92D2BADD1AF078590055E7F8 /* Products */ = {
			isa = PBXGroup;
			children = (
				92D2BADC1AF078590055E7F8 /* Guess.app */,
				92D2BAF11AF078590055E7F8 /* GuessTests.xctest */,
				92D2BB051AF078A30055E7F8 /* Guess WatchKit Extension.appex */,
				92D2BB0F1AF078A40055E7F8 /* Guess WatchKit App.app */,
			);
			name = Products;
			sourceTree = "<group>";
		};
		92D2BADE1AF078590055E7F8 /* Guess */ = {
			isa = PBXGroup;
			children = (
				92D2BAE11AF078590055E7F8 /* AppDelegate.swift */,
				92D2BAE31AF078590055E7F8 /* ViewController.swift */,
				92D2BAE51AF078590055E7F8 /* Main.storyboard */,
				92D2BAE81AF078590055E7F8 /* Images.xcassets */,
				92D2BAEA1AF078590055E7F8 /* LaunchScreen.xib */,
				92D2BADF1AF078590055E7F8 /* Supporting Files */,
			);
			path = Guess;
			sourceTree = "<group>";
		};
		92D2BADF1AF078590055E7F8 /* Supporting Files */ = {
			isa = PBXGroup;
			children = (
				92D2BAE01AF078590055E7F8 /* Info.plist */,
			);
			name = "Supporting Files";
			sourceTree = "<group>";
		};
		92D2BAF41AF078590055E7F8 /* GuessTests */ = {
			isa = PBXGroup;
			children = (
				92D2BAF71AF078590055E7F8 /* GuessTests.swift */,
				92D2BAF51AF078590055E7F8 /* Supporting Files */,
			);
			path = GuessTests;
			sourceTree = "<group>";
		};
		92D2BAF51AF078590055E7F8 /* Supporting Files */ = {
			isa = PBXGroup;
			children = (
				92D2BAF61AF078590055E7F8 /* Info.plist */,
			);
			name = "Supporting Files";
			sourceTree = "<group>";
		};
		92D2BB061AF078A30055E7F8 /* Guess WatchKit Extension */ = {
			isa = PBXGroup;
			children = (
				92D2BB091AF078A30055E7F8 /* InterfaceController.swift */,
				92D2BB0B1AF078A30055E7F8 /* Images.xcassets */,
				92D2BB071AF078A30055E7F8 /* Supporting Files */,
			);
			path = "Guess WatchKit Extension";
			sourceTree = "<group>";
		};
		92D2BB071AF078A30055E7F8 /* Supporting Files */ = {
			isa = PBXGroup;
			children = (
				92D2BB081AF078A30055E7F8 /* Info.plist */,
			);
			name = "Supporting Files";
			sourceTree = "<group>";
		};
		92D2BB131AF078A40055E7F8 /* Guess WatchKit App */ = {
			isa = PBXGroup;
			children = (
				92D2BB161AF078A40055E7F8 /* Interface.storyboard */,
				92D2BB191AF078A40055E7F8 /* Images.xcassets */,
				92D2BB141AF078A40055E7F8 /* Supporting Files */,
			);
			path = "Guess WatchKit App";
			sourceTree = "<group>";
		};
		92D2BB141AF078A40055E7F8 /* Supporting Files */ = {
			isa = PBXGroup;
			children = (
				92D2BB151AF078A40055E7F8 /* Info.plist */,
			);
			name = "Supporting Files";
			sourceTree = "<group>";
		};
/* End PBXGroup section */

/* Begin PBXNativeTarget section */
		92D2BADB1AF078590055E7F8 /* Guess */ = {
			isa = PBXNativeTarget;
			buildConfigurationList = 92D2BAFB1AF078590055E7F8 /* Build configuration list for PBXNativeTarget "Guess" */;
			buildPhases = (
				92D2BAD81AF078590055E7F8 /* Sources */,
				92D2BAD91AF078590055E7F8 /* Frameworks */,
				92D2BADA1AF078590055E7F8 /* Resources */,
				92D2BB241AF078A40055E7F8 /* Embed App Extensions */,
			);
			buildRules = (
			);
			dependencies = (
				92D2BB1C1AF078A40055E7F8 /* PBXTargetDependency */,
			);
			name = Guess;
			productName = Guess;
			productReference = 92D2BADC1AF078590055E7F8 /* Guess.app */;
			productType = "com.apple.product-type.application";
		};
		92D2BAF01AF078590055E7F8 /* GuessTests */ = {
			isa = PBXNativeTarget;
			buildConfigurationList = 92D2BAFE1AF078590055E7F8 /* Build configuration list for PBXNativeTarget "GuessTests" */;
			buildPhases = (
				92D2BAED1AF078590055E7F8 /* Sources */,
				92D2BAEE1AF078590055E7F8 /* Frameworks */,
				92D2BAEF1AF078590055E7F8 /* Resources */,
			);
			buildRules = (
			);
			dependencies = (
				92D2BAF31AF078590055E7F8 /* PBXTargetDependency */,
			);
			name = GuessTests;
			productName = GuessTests;
			productReference = 92D2BAF11AF078590055E7F8 /* GuessTests.xctest */;
			productType = "com.apple.product-type.bundle.unit-test";
		};
		92D2BB041AF078A30055E7F8 /* Guess WatchKit Extension */ = {
			isa = PBXNativeTarget;
			buildConfigurationList = 92D2BB211AF078A40055E7F8 /* Build configuration list for PBXNativeTarget "Guess WatchKit Extension" */;
			buildPhases = (
				92D2BB011AF078A30055E7F8 /* Sources */,
				92D2BB021AF078A30055E7F8 /* Frameworks */,
				92D2BB031AF078A30055E7F8 /* Resources */,
			);
			buildRules = (
			);
			dependencies = (
				92D2BB121AF078A40055E7F8 /* PBXTargetDependency */,
			);
			name = "Guess WatchKit Extension";
			productName = "Guess WatchKit Extension";
			productReference = 92D2BB051AF078A30055E7F8 /* Guess WatchKit Extension.appex */;
			productType = "com.apple.product-type.watchkit-extension";
		};
		92D2BB0E1AF078A40055E7F8 /* Guess WatchKit App */ = {
			isa = PBXNativeTarget;
			buildConfigurationList = 92D2BB1E1AF078A40055E7F8 /* Build configuration list for PBXNativeTarget "Guess WatchKit App" */;
			buildPhases = (
				92D2BB0D1AF078A40055E7F8 /* Resources */,
			);
			buildRules = (
			);
			dependencies = (
			);
			name = "Guess WatchKit App";
			productName = "Guess WatchKit App";
			productReference = 92D2BB0F1AF078A40055E7F8 /* Guess WatchKit App.app */;
			productType = "com.apple.product-type.application.watchapp";
		};
/* End PBXNativeTarget section */

/* Begin PBXProject section */
		92D2BAD41AF078590055E7F8 /* Project object */ = {
			isa = PBXProject;
			attributes = {
				LastUpgradeCheck = 0630;
				ORGANIZATIONNAME = Zach;
				TargetAttributes = {
					92D2BADB1AF078590055E7F8 = {
						CreatedOnToolsVersion = 6.3;
					};
					92D2BAF01AF078590055E7F8 = {
						CreatedOnToolsVersion = 6.3;
						TestTargetID = 92D2BADB1AF078590055E7F8;
					};
					92D2BB041AF078A30055E7F8 = {
						CreatedOnToolsVersion = 6.3;
					};
					92D2BB0E1AF078A40055E7F8 = {
						CreatedOnToolsVersion = 6.3;
					};
				};
			};
			buildConfigurationList = 92D2BAD71AF078590055E7F8 /* Build configuration list for PBXProject "Guess" */;
			compatibilityVersion = "Xcode 3.2";
			developmentRegion = English;
			hasScannedForEncodings = 0;
			knownRegions = (
				en,
				Base,
			);
			mainGroup = 92D2BAD31AF078590055E7F8;
			productRefGroup = 92D2BADD1AF078590055E7F8 /* Products */;
			projectDirPath = "";
			projectRoot = "";
			targets = (
				92D2BADB1AF078590055E7F8 /* Guess */,
				92D2BAF01AF078590055E7F8 /* GuessTests */,
				92D2BB041AF078A30055E7F8 /* Guess WatchKit Extension */,
				92D2BB0E1AF078A40055E7F8 /* Guess WatchKit App */,
			);
		};
/* End PBXProject section */

/* Begin PBXResourcesBuildPhase section */
		92D2BADA1AF078590055E7F8 /* Resources */ = {
			isa = PBXResourcesBuildPhase;
			buildActionMask = 2147483647;
			files = (
				92D2BAE71AF078590055E7F8 /* Main.storyboard in Resources */,
				92D2BAEC1AF078590055E7F8 /* LaunchScreen.xib in Resources */,
				92D2BAE91AF078590055E7F8 /* Images.xcassets in Resources */,
			);
			runOnlyForDeploymentPostprocessing = 0;
		};
		92D2BAEF1AF078590055E7F8 /* Resources */ = {
			isa = PBXResourcesBuildPhase;
			buildActionMask = 2147483647;
			files = (
			);
			runOnlyForDeploymentPostprocessing = 0;
		};
		92D2BB031AF078A30055E7F8 /* Resources */ = {
			isa = PBXResourcesBuildPhase;
			buildActionMask = 2147483647;
			files = (
				92D2BB101AF078A40055E7F8 /* Guess WatchKit App.app in Resources */,
				92D2BB0C1AF078A30055E7F8 /* Images.xcassets in Resources */,
			);
			runOnlyForDeploymentPostprocessing = 0;
		};
		92D2BB0D1AF078A40055E7F8 /* Resources */ = {
			isa = PBXResourcesBuildPhase;
			buildActionMask = 2147483647;
			files = (
				92D2BB181AF078A40055E7F8 /* Interface.storyboard in Resources */,
				92D2BB1A1AF078A40055E7F8 /* Images.xcassets in Resources */,
			);
			runOnlyForDeploymentPostprocessing = 0;
		};
/* End PBXResourcesBuildPhase section */

/* Begin PBXSourcesBuildPhase section */
		92D2BAD81AF078590055E7F8 /* Sources */ = {
			isa = PBXSourcesBuildPhase;
			buildActionMask = 2147483647;
			files = (
				92D2BAE41AF078590055E7F8 /* ViewController.swift in Sources */,
				92D2BAE21AF078590055E7F8 /* AppDelegate.swift in Sources */,
			);
			runOnlyForDeploymentPostprocessing = 0;
		};
		92D2BAED1AF078590055E7F8 /* Sources */ = {
			isa = PBXSourcesBuildPhase;
			buildActionMask = 2147483647;
			files = (
				92D2BAF81AF078590055E7F8 /* GuessTests.swift in Sources */,
			);
			runOnlyForDeploymentPostprocessing = 0;
		};
		92D2BB011AF078A30055E7F8 /* Sources */ = {
			isa = PBXSourcesBuildPhase;
			buildActionMask = 2147483647;
			files = (
				92D2BB0A1AF078A30055E7F8 /* InterfaceController.swift in Sources */,
			);
			runOnlyForDeploymentPostprocessing = 0;
		};
/* End PBXSourcesBuildPhase section */

/* Begin PBXTargetDependency section */
		92D2BAF31AF078590055E7F8 /* PBXTargetDependency */ = {
			isa = PBXTargetDependency;
			target = 92D2BADB1AF078590055E7F8 /* Guess */;
			targetProxy = 92D2BAF21AF078590055E7F8 /* PBXContainerItemProxy */;
		};
		92D2BB121AF078A40055E7F8 /* PBXTargetDependency */ = {
			isa = PBXTargetDependency;
			target = 92D2BB0E1AF078A40055E7F8 /* Guess WatchKit App */;
			targetProxy = 92D2BB111AF078A40055E7F8 /* PBXContainerItemProxy */;
		};
		92D2BB1C1AF078A40055E7F8 /* PBXTargetDependency */ = {
			isa = PBXTargetDependency;
			target = 92D2BB041AF078A30055E7F8 /* Guess WatchKit Extension */;
			targetProxy = 92D2BB1B1AF078A40055E7F8 /* PBXContainerItemProxy */;
		};
/* End PBXTargetDependency section */

/* Begin PBXVariantGroup section */
		92D2BAE51AF078590055E7F8 /* Main.storyboard */ = {
			isa = PBXVariantGroup;
			children = (
				92D2BAE61AF078590055E7F8 /* Base */,
			);
			name = Main.storyboard;
			sourceTree = "<group>";
		};
		92D2BAEA1AF078590055E7F8 /* LaunchScreen.xib */ = {
			isa = PBXVariantGroup;
			children = (
				92D2BAEB1AF078590055E7F8 /* Base */,
			);
			name = LaunchScreen.xib;
			sourceTree = "<group>";
		};
		92D2BB161AF078A40055E7F8 /* Interface.storyboard */ = {
			isa = PBXVariantGroup;
			children = (
				92D2BB171AF078A40055E7F8 /* Base */,
			);
			name = Interface.storyboard;
			sourceTree = "<group>";
		};
/* End PBXVariantGroup section */

/* Begin XCBuildConfiguration section */
		92D2BAF91AF078590055E7F8 /* Debug */ = {
			isa = XCBuildConfiguration;
			buildSettings = {
				ALWAYS_SEARCH_USER_PATHS = NO;
				CLANG_CXX_LANGUAGE_STANDARD = "gnu++0x";
				CLANG_CXX_LIBRARY = "libc++";
				CLANG_ENABLE_MODULES = YES;
				CLANG_ENABLE_OBJC_ARC = YES;
				CLANG_WARN_BOOL_CONVERSION = YES;
				CLANG_WARN_CONSTANT_CONVERSION = YES;
				CLANG_WARN_DIRECT_OBJC_ISA_USAGE = YES_ERROR;
				CLANG_WARN_EMPTY_BODY = YES;
				CLANG_WARN_ENUM_CONVERSION = YES;
				CLANG_WARN_INT_CONVERSION = YES;
				CLANG_WARN_OBJC_ROOT_CLASS = YES_ERROR;
				CLANG_WARN_UNREACHABLE_CODE = YES;
				CLANG_WARN__DUPLICATE_METHOD_MATCH = YES;
				"CODE_SIGN_IDENTITY[sdk=iphoneos*]" = "iPhone Developer";
				COPY_PHASE_STRIP = NO;
				DEBUG_INFORMATION_FORMAT = "dwarf-with-dsym";
				ENABLE_STRICT_OBJC_MSGSEND = YES;
				GCC_C_LANGUAGE_STANDARD = gnu99;
				GCC_DYNAMIC_NO_PIC = NO;
				GCC_NO_COMMON_BLOCKS = YES;
				GCC_OPTIMIZATION_LEVEL = 0;
				GCC_PREPROCESSOR_DEFINITIONS = (
					"DEBUG=1",
					"$(inherited)",
				);
				GCC_SYMBOLS_PRIVATE_EXTERN = NO;
				GCC_WARN_64_TO_32_BIT_CONVERSION = YES;
				GCC_WARN_ABOUT_RETURN_TYPE = YES_ERROR;
				GCC_WARN_UNDECLARED_SELECTOR = YES;
				GCC_WARN_UNINITIALIZED_AUTOS = YES_AGGRESSIVE;
				GCC_WARN_UNUSED_FUNCTION = YES;
				GCC_WARN_UNUSED_VARIABLE = YES;
				IPHONEOS_DEPLOYMENT_TARGET = 8.3;
				MTL_ENABLE_DEBUG_INFO = YES;
				ONLY_ACTIVE_ARCH = YES;
				SDKROOT = iphoneos;
				SWIFT_OPTIMIZATION_LEVEL = "-Onone";
				TARGETED_DEVICE_FAMILY = "1,2";
			};
			name = Debug;
		};
		92D2BAFA1AF078590055E7F8 /* Release */ = {
			isa = XCBuildConfiguration;
			buildSettings = {
				ALWAYS_SEARCH_USER_PATHS = NO;
				CLANG_CXX_LANGUAGE_STANDARD = "gnu++0x";
				CLANG_CXX_LIBRARY = "libc++";
				CLANG_ENABLE_MODULES = YES;
				CLANG_ENABLE_OBJC_ARC = YES;
				CLANG_WARN_BOOL_CONVERSION = YES;
				CLANG_WARN_CONSTANT_CONVERSION = YES;
				CLANG_WARN_DIRECT_OBJC_ISA_USAGE = YES_ERROR;
				CLANG_WARN_EMPTY_BODY = YES;
				CLANG_WARN_ENUM_CONVERSION = YES;
				CLANG_WARN_INT_CONVERSION = YES;
				CLANG_WARN_OBJC_ROOT_CLASS = YES_ERROR;
				CLANG_WARN_UNREACHABLE_CODE = YES;
				CLANG_WARN__DUPLICATE_METHOD_MATCH = YES;
				"CODE_SIGN_IDENTITY[sdk=iphoneos*]" = "iPhone Developer";
				COPY_PHASE_STRIP = NO;
				DEBUG_INFORMATION_FORMAT = "dwarf-with-dsym";
				ENABLE_NS_ASSERTIONS = NO;
				ENABLE_STRICT_OBJC_MSGSEND = YES;
				GCC_C_LANGUAGE_STANDARD = gnu99;
				GCC_NO_COMMON_BLOCKS = YES;
				GCC_WARN_64_TO_32_BIT_CONVERSION = YES;
				GCC_WARN_ABOUT_RETURN_TYPE = YES_ERROR;
				GCC_WARN_UNDECLARED_SELECTOR = YES;
				GCC_WARN_UNINITIALIZED_AUTOS = YES_AGGRESSIVE;
				GCC_WARN_UNUSED_FUNCTION = YES;
				GCC_WARN_UNUSED_VARIABLE = YES;
				IPHONEOS_DEPLOYMENT_TARGET = 8.3;
				MTL_ENABLE_DEBUG_INFO = NO;
				SDKROOT = iphoneos;
				TARGETED_DEVICE_FAMILY = "1,2";
				VALIDATE_PRODUCT = YES;
			};
			name = Release;
		};
		92D2BAFC1AF078590055E7F8 /* Debug */ = {
			isa = XCBuildConfiguration;
			buildSettings = {
				ASSETCATALOG_COMPILER_APPICON_NAME = AppIcon;
				INFOPLIST_FILE = Guess/Info.plist;
				LD_RUNPATH_SEARCH_PATHS = "$(inherited) @executable_path/Frameworks";
				PRODUCT_NAME = "$(TARGET_NAME)";
			};
			name = Debug;
		};
		92D2BAFD1AF078590055E7F8 /* Release */ = {
			isa = XCBuildConfiguration;
			buildSettings = {
				ASSETCATALOG_COMPILER_APPICON_NAME = AppIcon;
				INFOPLIST_FILE = Guess/Info.plist;
				LD_RUNPATH_SEARCH_PATHS = "$(inherited) @executable_path/Frameworks";
				PRODUCT_NAME = "$(TARGET_NAME)";
			};
			name = Release;
		};
		92D2BAFF1AF078590055E7F8 /* Debug */ = {
			isa = XCBuildConfiguration;
			buildSettings = {
				BUNDLE_LOADER = "$(TEST_HOST)";
				FRAMEWORK_SEARCH_PATHS = (
					"$(SDKROOT)/Developer/Library/Frameworks",
					"$(inherited)",
				);
				GCC_PREPROCESSOR_DEFINITIONS = (
					"DEBUG=1",
					"$(inherited)",
				);
				INFOPLIST_FILE = GuessTests/Info.plist;
				LD_RUNPATH_SEARCH_PATHS = "$(inherited) @executable_path/Frameworks @loader_path/Frameworks";
				PRODUCT_NAME = "$(TARGET_NAME)";
				TEST_HOST = "$(BUILT_PRODUCTS_DIR)/Guess.app/Guess";
			};
			name = Debug;
		};
		92D2BB001AF078590055E7F8 /* Release */ = {
			isa = XCBuildConfiguration;
			buildSettings = {
				BUNDLE_LOADER = "$(TEST_HOST)";
				FRAMEWORK_SEARCH_PATHS = (
					"$(SDKROOT)/Developer/Library/Frameworks",
					"$(inherited)",
				);
				INFOPLIST_FILE = GuessTests/Info.plist;
				LD_RUNPATH_SEARCH_PATHS = "$(inherited) @executable_path/Frameworks @loader_path/Frameworks";
				PRODUCT_NAME = "$(TARGET_NAME)";
				TEST_HOST = "$(BUILT_PRODUCTS_DIR)/Guess.app/Guess";
			};
			name = Release;
		};
		92D2BB1F1AF078A40055E7F8 /* Debug */ = {
			isa = XCBuildConfiguration;
			buildSettings = {
				ASSETCATALOG_COMPILER_APPICON_NAME = AppIcon;
				GCC_PREPROCESSOR_DEFINITIONS = (
					"DEBUG=1",
					"$(inherited)",
				);
				IBSC_MODULE = Guess_WatchKit_Extension;
				INFOPLIST_FILE = "Guess WatchKit App/Info.plist";
				IPHONEOS_DEPLOYMENT_TARGET = 8.2;
				PRODUCT_NAME = "$(TARGET_NAME)";
				SKIP_INSTALL = YES;
				TARGETED_DEVICE_FAMILY = 4;
				"TARGETED_DEVICE_FAMILY[sdk=iphonesimulator*]" = "1,4";
			};
			name = Debug;
		};
		92D2BB201AF078A40055E7F8 /* Release */ = {
			isa = XCBuildConfiguration;
			buildSettings = {
				ASSETCATALOG_COMPILER_APPICON_NAME = AppIcon;
				IBSC_MODULE = Guess_WatchKit_Extension;
				INFOPLIST_FILE = "Guess WatchKit App/Info.plist";
				IPHONEOS_DEPLOYMENT_TARGET = 8.2;
				PRODUCT_NAME = "$(TARGET_NAME)";
				SKIP_INSTALL = YES;
				TARGETED_DEVICE_FAMILY = 4;
				"TARGETED_DEVICE_FAMILY[sdk=iphonesimulator*]" = "1,4";
			};
			name = Release;
		};
		92D2BB221AF078A40055E7F8 /* Debug */ = {
			isa = XCBuildConfiguration;
			buildSettings = {
				GCC_PREPROCESSOR_DEFINITIONS = (
					"DEBUG=1",
					"$(inherited)",
				);
				INFOPLIST_FILE = "Guess WatchKit Extension/Info.plist";
				LD_RUNPATH_SEARCH_PATHS = "$(inherited) @executable_path/Frameworks @executable_path/../../Frameworks";
				PRODUCT_NAME = "${TARGET_NAME}";
				SKIP_INSTALL = YES;
			};
			name = Debug;
		};
		92D2BB231AF078A40055E7F8 /* Release */ = {
			isa = XCBuildConfiguration;
			buildSettings = {
				INFOPLIST_FILE = "Guess WatchKit Extension/Info.plist";
				LD_RUNPATH_SEARCH_PATHS = "$(inherited) @executable_path/Frameworks @executable_path/../../Frameworks";
				PRODUCT_NAME = "${TARGET_NAME}";
				SKIP_INSTALL = YES;
			};
			name = Release;
		};
/* End XCBuildConfiguration section */

/* Begin XCConfigurationList section */
		92D2BAD71AF078590055E7F8 /* Build configuration list for PBXProject "Guess" */ = {
			isa = XCConfigurationList;
			buildConfigurations = (
				92D2BAF91AF078590055E7F8 /* Debug */,
				92D2BAFA1AF078590055E7F8 /* Release */,
			);
			defaultConfigurationIsVisible = 0;
			defaultConfigurationName = Release;
		};
		92D2BAFB1AF078590055E7F8 /* Build configuration list for PBXNativeTarget "Guess" */ = {
			isa = XCConfigurationList;
			buildConfigurations = (
				92D2BAFC1AF078590055E7F8 /* Debug */,
				92D2BAFD1AF078590055E7F8 /* Release */,
			);
			defaultConfigurationIsVisible = 0;
		};
		92D2BAFE1AF078590055E7F8 /* Build configuration list for PBXNativeTarget "GuessTests" */ = {
			isa = XCConfigurationList;
			buildConfigurations = (
				92D2BAFF1AF078590055E7F8 /* Debug */,
				92D2BB001AF078590055E7F8 /* Release */,
			);
			defaultConfigurationIsVisible = 0;
		};
		92D2BB1E1AF078A40055E7F8 /* Build configuration list for PBXNativeTarget "Guess WatchKit App" */ = {
			isa = XCConfigurationList;
			buildConfigurations = (
				92D2BB1F1AF078A40055E7F8 /* Debug */,
				92D2BB201AF078A40055E7F8 /* Release */,
			);
			defaultConfigurationIsVisible = 0;
		};
		92D2BB211AF078A40055E7F8 /* Build configuration list for PBXNativeTarget "Guess WatchKit Extension" */ = {
			isa = XCConfigurationList;
			buildConfigurations = (
				92D2BB221AF078A40055E7F8 /* Debug */,
				92D2BB231AF078A40055E7F8 /* Release */,
			);
			defaultConfigurationIsVisible = 0;
		};
/* End XCConfigurationList section */
	};
	rootObject = 92D2BAD41AF078590055E7F8 /* Project object */;
}
